{
  "requires": true,
  "lockfileVersion": 1,
  "dependencies": {
    "fsevents": {
      "version": "2.2.1",
      "resolved": "https://registry.npmjs.org/fsevents/-/fsevents-2.2.1.tgz",
      "integrity": "sha512-bTLYHSeC0UH/EFXS9KqWnXuOl/wHK5Z/d+ghd5AsFMYN7wIGkUCOJyzy88+wJKkZPGON8u4Z9f6U4FdgURE9qA==",
      "dev": true,
      "optional": true
    },
    "goober": {
      "version": "2.0.19-next.1",
      "resolved": "https://registry.npmjs.org/goober/-/goober-2.0.19-next.1.tgz",
      "integrity": "sha512-1HlFxG2rYS6cag21p7stYv5f+sa0CQm8TCegcMIffBKDmfN30tLpCN0op4pDh2Xo34pwLe7PFYF6ZZRqovRX5A=="
    },
    "preact-iso": {
      "version": "0.2.0",
      "resolved": "https://registry.npmjs.org/preact-iso/-/preact-iso-0.2.0.tgz",
      "integrity": "sha512-p8FJRt55aXpb2TAL3JsiTP1YJm7XqIXb8mf7LVrMNoQRHW0VvqXNvIFYmHOIJArGlIIOb2v1w9o6/edOnSQFvA=="
    },
    "wmr": {
      "version": "1.0.0",
      "resolved": "https://registry.npmjs.org/wmr/-/wmr-1.0.0.tgz",
      "integrity": "sha512-e4skIObjY4V7tERFSTemBw2RXuj0eDpJEVqPggMtwFlDqeCGD1g7aS32ElEf+AfreF2hSAN/F1lB7j1PHUlBdw==",
      "dev": true,
      "requires": {
        "fsevents": "^2.1.3"
      }
    }
  }
}
